// !$*UTF8*$!
{
	archiveVersion = 1;
	classes = {
	};
	objectVersion = 48;
	objects = {

/* Begin PBXBuildFile section */
		249EB6EC204765BE004972D3 /* WordManager.swift in Sources */ = {isa = PBXBuildFile; fileRef = 249EB6EB204765BE004972D3 /* WordManager.swift */; };
		3FA3F5E920474D9F001A7701 /* WordObject.swift in Sources */ = {isa = PBXBuildFile; fileRef = 3FA3F5E820474D9F001A7701 /* WordObject.swift */; };
		3FA7634E20212B9F002926AF /* AppDelegate.swift in Sources */ = {isa = PBXBuildFile; fileRef = 3FA7634D20212B9F002926AF /* AppDelegate.swift */; };
		3FA7635020212B9F002926AF /* ViewController.swift in Sources */ = {isa = PBXBuildFile; fileRef = 3FA7634F20212B9F002926AF /* ViewController.swift */; };
		3FA7635320212B9F002926AF /* Main.storyboard in Resources */ = {isa = PBXBuildFile; fileRef = 3FA7635120212B9F002926AF /* Main.storyboard */; };
		3FA7635520212B9F002926AF /* Assets.xcassets in Resources */ = {isa = PBXBuildFile; fileRef = 3FA7635420212B9F002926AF /* Assets.xcassets */; };
		3FA7635820212B9F002926AF /* LaunchScreen.storyboard in Resources */ = {isa = PBXBuildFile; fileRef = 3FA7635620212B9F002926AF /* LaunchScreen.storyboard */; };
		3FC0BFC5203B5F29008A995F /* themeTableVC.swift in Sources */ = {isa = PBXBuildFile; fileRef = 3FC0BFC4203B5F29008A995F /* themeTableVC.swift */; };
/* End PBXBuildFile section */

/* Begin PBXFileReference section */
		249EB6EB204765BE004972D3 /* WordManager.swift */ = {isa = PBXFileReference; lastKnownFileType = sourcecode.swift; path = WordManager.swift; sourceTree = "<group>"; };
		3FA3F5E820474D9F001A7701 /* WordObject.swift */ = {isa = PBXFileReference; lastKnownFileType = sourcecode.swift; path = WordObject.swift; sourceTree = "<group>"; };
		3FA7634A20212B9F002926AF /* MagChat.app */ = {isa = PBXFileReference; explicitFileType = wrapper.application; includeInIndex = 0; path = MagChat.app; sourceTree = BUILT_PRODUCTS_DIR; };
		3FA7634D20212B9F002926AF /* AppDelegate.swift */ = {isa = PBXFileReference; lastKnownFileType = sourcecode.swift; path = AppDelegate.swift; sourceTree = "<group>"; };
		3FA7634F20212B9F002926AF /* ViewController.swift */ = {isa = PBXFileReference; lastKnownFileType = sourcecode.swift; path = ViewController.swift; sourceTree = "<group>"; };
		3FA7635220212B9F002926AF /* Base */ = {isa = PBXFileReference; lastKnownFileType = file.storyboard; name = Base; path = Base.lproj/Main.storyboard; sourceTree = "<group>"; };
		3FA7635420212B9F002926AF /* Assets.xcassets */ = {isa = PBXFileReference; lastKnownFileType = folder.assetcatalog; path = Assets.xcassets; sourceTree = "<group>"; };
		3FA7635720212B9F002926AF /* Base */ = {isa = PBXFileReference; lastKnownFileType = file.storyboard; name = Base; path = Base.lproj/LaunchScreen.storyboard; sourceTree = "<group>"; };
		3FA7635920212B9F002926AF /* Info.plist */ = {isa = PBXFileReference; lastKnownFileType = text.plist.xml; path = Info.plist; sourceTree = "<group>"; };
		3FC0BFC4203B5F29008A995F /* themeTableVC.swift */ = {isa = PBXFileReference; lastKnownFileType = sourcecode.swift; path = themeTableVC.swift; sourceTree = "<group>"; };
/* End PBXFileReference section */

/* Begin PBXFrameworksBuildPhase section */
		3FA7634720212B9F002926AF /* Frameworks */ = {
			isa = PBXFrameworksBuildPhase;
			buildActionMask = 2147483647;
			files = (
			);
			runOnlyForDeploymentPostprocessing = 0;
		};
/* End PBXFrameworksBuildPhase section */

/* Begin PBXGroup section */
		3FA7634120212B9F002926AF = {
			isa = PBXGroup;
			children = (
				3FA7634C20212B9F002926AF /* Magneto-1 */,
				3FA7634B20212B9F002926AF /* Products */,
			);
			sourceTree = "<group>";
		};
		3FA7634B20212B9F002926AF /* Products */ = {
			isa = PBXGroup;
			children = (
				3FA7634A20212B9F002926AF /* MagChat.app */,
			);
			name = Products;
			sourceTree = "<group>";
		};
		3FA7634C20212B9F002926AF /* Magneto-1 */ = {
			isa = PBXGroup;
			children = (
				3FC0BFC4203B5F29008A995F /* themeTableVC.swift */,
				3FA7634D20212B9F002926AF /* AppDelegate.swift */,
				3FA7634F20212B9F002926AF /* ViewController.swift */,
				3FA7635120212B9F002926AF /* Main.storyboard */,
				3FA7635420212B9F002926AF /* Assets.xcassets */,
				3FA7635620212B9F002926AF /* LaunchScreen.storyboard */,
				3FA7635920212B9F002926AF /* Info.plist */,
				3FA3F5E820474D9F001A7701 /* WordObject.swift */,
				249EB6EB204765BE004972D3 /* WordManager.swift */,
			);
			path = "Magneto-1";
			sourceTree = "<group>";
		};
/* End PBXGroup section */

/* Begin PBXNativeTarget section */
		3FA7634920212B9F002926AF /* MagChat */ = {
			isa = PBXNativeTarget;
			buildConfigurationList = 3FA7635C20212B9F002926AF /* Build configuration list for PBXNativeTarget "MagChat" */;
			buildPhases = (
				3FA7634620212B9F002926AF /* Sources */,
				3FA7634720212B9F002926AF /* Frameworks */,
				3FA7634820212B9F002926AF /* Resources */,
			);
			buildRules = (
			);
			dependencies = (
			);
			name = MagChat;
			productName = "Magneto-1";
			productReference = 3FA7634A20212B9F002926AF /* MagChat.app */;
			productType = "com.apple.product-type.application";
		};
/* End PBXNativeTarget section */

/* Begin PBXProject section */
		3FA7634220212B9F002926AF /* Project object */ = {
			isa = PBXProject;
			attributes = {
				LastSwiftUpdateCheck = 0920;
				LastUpgradeCheck = 0920;
				ORGANIZATIONNAME = IsaacWalerstein;
				TargetAttributes = {
					3FA7634920212B9F002926AF = {
						CreatedOnToolsVersion = 9.2;
						LastSwiftMigration = 0920;
						ProvisioningStyle = Automatic;
					};
				};
			};
			buildConfigurationList = 3FA7634520212B9F002926AF /* Build configuration list for PBXProject "MagChat" */;
			compatibilityVersion = "Xcode 8.0";
			developmentRegion = en;
			hasScannedForEncodings = 0;
			knownRegions = (
				en,
				Base,
			);
			mainGroup = 3FA7634120212B9F002926AF;
			productRefGroup = 3FA7634B20212B9F002926AF /* Products */;
			projectDirPath = "";
			projectRoot = "";
			targets = (
				3FA7634920212B9F002926AF /* MagChat */,
			);
		};
/* End PBXProject section */

/* Begin PBXResourcesBuildPhase section */
		3FA7634820212B9F002926AF /* Resources */ = {
			isa = PBXResourcesBuildPhase;
			buildActionMask = 2147483647;
			files = (
				3FA7635820212B9F002926AF /* LaunchScreen.storyboard in Resources */,
				3FA7635520212B9F002926AF /* Assets.xcassets in Resources */,
				3FA7635320212B9F002926AF /* Main.storyboard in Resources */,
			);
			runOnlyForDeploymentPostprocessing = 0;
		};
/* End PBXResourcesBuildPhase section */

/* Begin PBXSourcesBuildPhase section */
		3FA7634620212B9F002926AF /* Sources */ = {
			isa = PBXSourcesBuildPhase;
			buildActionMask = 2147483647;
			files = (
				249EB6EC204765BE004972D3 /* WordManager.swift in Sources */,
				3FC0BFC5203B5F29008A995F /* themeTableVC.swift in Sources */,
				3FA7635020212B9F002926AF /* ViewController.swift in Sources */,
				3FA3F5E920474D9F001A7701 /* WordObject.swift in Sources */,
				3FA7634E20212B9F002926AF /* AppDelegate.swift in Sources */,
			);
			runOnlyForDeploymentPostprocessing = 0;
		};
/* End PBXSourcesBuildPhase section */

/* Begin PBXVariantGroup section */
		3FA7635120212B9F002926AF /* Main.storyboard */ = {
			isa = PBXVariantGroup;
			children = (
				3FA7635220212B9F002926AF /* Base */,
			);
			name = Main.storyboard;
			sourceTree = "<group>";
		};
		3FA7635620212B9F002926AF /* LaunchScreen.storyboard */ = {
			isa = PBXVariantGroup;
			children = (
				3FA7635720212B9F002926AF /* Base */,
			);
			name = LaunchScreen.storyboard;
			sourceTree = "<group>";
		};
/* End PBXVariantGroup section */

/* Begin XCBuildConfiguration section */
		3FA7635A20212B9F002926AF /* Debug */ = {
			isa = XCBuildConfiguration;
			buildSettings = {
				ALWAYS_SEARCH_USER_PATHS = NO;
				CLANG_ANALYZER_NONNULL = YES;
				CLANG_ANALYZER_NUMBER_OBJECT_CONVERSION = YES_AGGRESSIVE;
				CLANG_CXX_LANGUAGE_STANDARD = "gnu++14";
				CLANG_CXX_LIBRARY = "libc++";
				CLANG_ENABLE_MODULES = YES;
				CLANG_ENABLE_OBJC_ARC = YES;
				CLANG_WARN_BLOCK_CAPTURE_AUTORELEASING = YES;
				CLANG_WARN_BOOL_CONVERSION = YES;
				CLANG_WARN_COMMA = YES;
				CLANG_WARN_CONSTANT_CONVERSION = YES;
				CLANG_WARN_DIRECT_OBJC_ISA_USAGE = YES_ERROR;
				CLANG_WARN_DOCUMENTATION_COMMENTS = YES;
				CLANG_WARN_EMPTY_BODY = YES;
				CLANG_WARN_ENUM_CONVERSION = YES;
				CLANG_WARN_INFINITE_RECURSION = YES;
				CLANG_WARN_INT_CONVERSION = YES;
				CLANG_WARN_NON_LITERAL_NULL_CONVERSION = YES;
				CLANG_WARN_OBJC_LITERAL_CONVERSION = YES;
				CLANG_WARN_OBJC_ROOT_CLASS = YES_ERROR;
				CLANG_WARN_RANGE_LOOP_ANALYSIS = YES;
				CLANG_WARN_STRICT_PROTOTYPES = YES;
				CLANG_WARN_SUSPICIOUS_MOVE = YES;
				CLANG_WARN_UNGUARDED_AVAILABILITY = YES_AGGRESSIVE;
				CLANG_WARN_UNREACHABLE_CODE = YES;
				CLANG_WARN__DUPLICATE_METHOD_MATCH = YES;
				CODE_SIGN_IDENTITY = "iPhone Developer";
				COPY_PHASE_STRIP = NO;
				DEBUG_INFORMATION_FORMAT = dwarf;
				ENABLE_STRICT_OBJC_MSGSEND = YES;
				ENABLE_TESTABILITY = YES;
				GCC_C_LANGUAGE_STANDARD = gnu11;
				GCC_DYNAMIC_NO_PIC = NO;
				GCC_NO_COMMON_BLOCKS = YES;
				GCC_OPTIMIZATION_LEVEL = 0;
				GCC_PREPROCESSOR_DEFINITIONS = (
					"DEBUG=1",
					"$(inherited)",
				);
				GCC_WARN_64_TO_32_BIT_CONVERSION = YES;
				GCC_WARN_ABOUT_RETURN_TYPE = YES_ERROR;
				GCC_WARN_UNDECLARED_SELECTOR = YES;
				GCC_WARN_UNINITIALIZED_AUTOS = YES_AGGRESSIVE;
				GCC_WARN_UNUSED_FUNCTION = YES;
				GCC_WARN_UNUSED_VARIABLE = YES;
				IPHONEOS_DEPLOYMENT_TARGET = 11.2;
				MTL_ENABLE_DEBUG_INFO = YES;
				ONLY_ACTIVE_ARCH = YES;
				SDKROOT = iphoneos;
				SWIFT_ACTIVE_COMPILATION_CONDITIONS = DEBUG;
				SWIFT_OPTIMIZATION_LEVEL = "-Onone";
			};
			name = Debug;
		};
		3FA7635B20212B9F002926AF /* Release */ = {
			isa = XCBuildConfiguration;
			buildSettings = {
				ALWAYS_SEARCH_USER_PATHS = NO;
				CLANG_ANALYZER_NONNULL = YES;
				CLANG_ANALYZER_NUMBER_OBJECT_CONVERSION = YES_AGGRESSIVE;
				CLANG_CXX_LANGUAGE_STANDARD = "gnu++14";
				CLANG_CXX_LIBRARY = "libc++";
				CLANG_ENABLE_MODULES = YES;
				CLANG_ENABLE_OBJC_ARC = YES;
				CLANG_WARN_BLOCK_CAPTURE_AUTORELEASING = YES;
				CLANG_WARN_BOOL_CONVERSION = YES;
				CLANG_WARN_COMMA = YES;
				CLANG_WARN_CONSTANT_CONVERSION = YES;
				CLANG_WARN_DIRECT_OBJC_ISA_USAGE = YES_ERROR;
				CLANG_WARN_DOCUMENTATION_COMMENTS = YES;
				CLANG_WARN_EMPTY_BODY = YES;
				CLANG_WARN_ENUM_CONVERSION = YES;
				CLANG_WARN_INFINITE_RECURSION = YES;
				CLANG_WARN_INT_CONVERSION = YES;
				CLANG_WARN_NON_LITERAL_NULL_CONVERSION = YES;
				CLANG_WARN_OBJC_LITERAL_CONVERSION = YES;
				CLANG_WARN_OBJC_ROOT_CLASS = YES_ERROR;
				CLANG_WARN_RANGE_LOOP_ANALYSIS = YES;
				CLANG_WARN_STRICT_PROTOTYPES = YES;
				CLANG_WARN_SUSPICIOUS_MOVE = YES;
				CLANG_WARN_UNGUARDED_AVAILABILITY = YES_AGGRESSIVE;
				CLANG_WARN_UNREACHABLE_CODE = YES;
				CLANG_WARN__DUPLICATE_METHOD_MATCH = YES;
				CODE_SIGN_IDENTITY = "iPhone Developer";
				COPY_PHASE_STRIP = NO;
				DEBUG_INFORMATION_FORMAT = "dwarf-with-dsym";
				ENABLE_NS_ASSERTIONS = NO;
				ENABLE_STRICT_OBJC_MSGSEND = YES;
				GCC_C_LANGUAGE_STANDARD = gnu11;
				GCC_NO_COMMON_BLOCKS = YES;
				GCC_WARN_64_TO_32_BIT_CONVERSION = YES;
				GCC_WARN_ABOUT_RETURN_TYPE = YES_ERROR;
				GCC_WARN_UNDECLARED_SELECTOR = YES;
				GCC_WARN_UNINITIALIZED_AUTOS = YES_AGGRESSIVE;
				GCC_WARN_UNUSED_FUNCTION = YES;
				GCC_WARN_UNUSED_VARIABLE = YES;
				IPHONEOS_DEPLOYMENT_TARGET = 11.2;
				MTL_ENABLE_DEBUG_INFO = NO;
				SDKROOT = iphoneos;
				SWIFT_OPTIMIZATION_LEVEL = "-Owholemodule";
				VALIDATE_PRODUCT = YES;
			};
			name = Release;
		};
		3FA7635D20212B9F002926AF /* Debug */ = {
			isa = XCBuildConfiguration;
			buildSettings = {
				ASSETCATALOG_COMPILER_APPICON_NAME = AppIcon;
				CLANG_ENABLE_MODULES = YES;
				CODE_SIGN_STYLE = Automatic;
				DEVELOPMENT_TEAM = W8KHDQ4B32;
				INFOPLIST_FILE = "Magneto-1/Info.plist";
				IPHONEOS_DEPLOYMENT_TARGET = 11.0;
				LD_RUNPATH_SEARCH_PATHS = "$(inherited) @executable_path/Frameworks";
				PRODUCT_BUNDLE_IDENTIFIER = "com.IsaacWalerstein.Magneto-1";
				PRODUCT_NAME = "$(TARGET_NAME)";
				SWIFT_OBJC_BRIDGING_HEADER = "Magneto-1/MagChat-Bridging-Header.h";
				SWIFT_OPTIMIZATION_LEVEL = "-Onone";
				SWIFT_VERSION = 4.0;
				TARGETED_DEVICE_FAMILY = "1,2";
			};
			name = Debug;
		};
		3FA7635E20212B9F002926AF /* Release */ = {
			isa = XCBuildConfiguration;
			buildSettings = {
				ASSETCATALOG_COMPILER_APPICON_NAME = AppIcon;
				CLANG_ENABLE_MODULES = YES;
				CODE_SIGN_STYLE = Automatic;
				DEVELOPMENT_TEAM = W8KHDQ4B32;
				INFOPLIST_FILE = "Magneto-1/Info.plist";
				IPHONEOS_DEPLOYMENT_TARGET = 11.0;
				LD_RUNPATH_SEARCH_PATHS = "$(inherited) @executable_path/Frameworks";
				PRODUCT_BUNDLE_IDENTIFIER = "com.IsaacWalerstein.Magneto-1";
				PRODUCT_NAME = "$(TARGET_NAME)";
				SWIFT_OBJC_BRIDGING_HEADER = "Magneto-1/MagChat-Bridging-Header.h";
				SWIFT_VERSION = 4.0;
				TARGETED_DEVICE_FAMILY = "1,2";
			};
			name = Release;
		};
/* End XCBuildConfiguration section */

/* Begin XCConfigurationList section */
		3FA7634520212B9F002926AF /* Build configuration list for PBXProject "MagChat" */ = {
			isa = XCConfigurationList;
			buildConfigurations = (
				3FA7635A20212B9F002926AF /* Debug */,
				3FA7635B20212B9F002926AF /* Release */,
			);
			defaultConfigurationIsVisible = 0;
			defaultConfigurationName = Release;
		};
		3FA7635C20212B9F002926AF /* Build configuration list for PBXNativeTarget "MagChat" */ = {
			isa = XCConfigurationList;
			buildConfigurations = (
				3FA7635D20212B9F002926AF /* Debug */,
				3FA7635E20212B9F002926AF /* Release */,
			);
			defaultConfigurationIsVisible = 0;
			defaultConfigurationName = Release;
		};
/* End XCConfigurationList section */
	};
	rootObject = 3FA7634220212B9F002926AF /* Project object */;
}
